// !$*UTF8*$!
{
	archiveVersion = 1;
	classes = {
	};
	objectVersion = 55;
	objects = {

/* Begin PBXBuildFile section */
		9857E7CA27D3C85700BEB411 /* CoreData_SwiftUIPart04App.swift in Sources */ = {isa = PBXBuildFile; fileRef = 9857E7C927D3C85700BEB411 /* CoreData_SwiftUIPart04App.swift */; };
		9857E7CC27D3C85700BEB411 /* MainContentView.swift in Sources */ = {isa = PBXBuildFile; fileRef = 9857E7CB27D3C85700BEB411 /* MainContentView.swift */; };
		9857E7CE27D3C85900BEB411 /* Assets.xcassets in Resources */ = {isa = PBXBuildFile; fileRef = 9857E7CD27D3C85900BEB411 /* Assets.xcassets */; };
		9857E7D127D3C85900BEB411 /* Preview Assets.xcassets in Resources */ = {isa = PBXBuildFile; fileRef = 9857E7D027D3C85900BEB411 /* Preview Assets.xcassets */; };
		9857E7DC27D3CFC300BEB411 /* BooksML.xcdatamodeld in Sources */ = {isa = PBXBuildFile; fileRef = 9857E7DA27D3CFC300BEB411 /* BooksML.xcdatamodeld */; };
		9857E7DE27D3CFDD00BEB411 /* Persistence.swift in Sources */ = {isa = PBXBuildFile; fileRef = 9857E7DD27D3CFDD00BEB411 /* Persistence.swift */; };
		9857E7E027D3D06F00BEB411 /* BookExtension.swift in Sources */ = {isa = PBXBuildFile; fileRef = 9857E7DF27D3D06F00BEB411 /* BookExtension.swift */; };
		9857E7E227D3D43F00BEB411 /* NewBookView.swift in Sources */ = {isa = PBXBuildFile; fileRef = 9857E7E127D3D43F00BEB411 /* NewBookView.swift */; };
/* End PBXBuildFile section */

/* Begin PBXFileReference section */
		9857E7C627D3C85700BEB411 /* CoreData&SwiftUIPart04.app */ = {isa = PBXFileReference; explicitFileType = wrapper.application; includeInIndex = 0; path = "CoreData&SwiftUIPart04.app"; sourceTree = BUILT_PRODUCTS_DIR; };
		9857E7C927D3C85700BEB411 /* CoreData_SwiftUIPart04App.swift */ = {isa = PBXFileReference; lastKnownFileType = sourcecode.swift; path = CoreData_SwiftUIPart04App.swift; sourceTree = "<group>"; };
		9857E7CB27D3C85700BEB411 /* MainContentView.swift */ = {isa = PBXFileReference; lastKnownFileType = sourcecode.swift; path = MainContentView.swift; sourceTree = "<group>"; };
		9857E7CD27D3C85900BEB411 /* Assets.xcassets */ = {isa = PBXFileReference; lastKnownFileType = folder.assetcatalog; path = Assets.xcassets; sourceTree = "<group>"; };
		9857E7D027D3C85900BEB411 /* Preview Assets.xcassets */ = {isa = PBXFileReference; lastKnownFileType = folder.assetcatalog; path = "Preview Assets.xcassets"; sourceTree = "<group>"; };
		9857E7DB27D3CFC300BEB411 /* BooksML.xcdatamodel */ = {isa = PBXFileReference; lastKnownFileType = wrapper.xcdatamodel; path = BooksML.xcdatamodel; sourceTree = "<group>"; };
		9857E7DD27D3CFDD00BEB411 /* Persistence.swift */ = {isa = PBXFileReference; lastKnownFileType = sourcecode.swift; path = Persistence.swift; sourceTree = "<group>"; };
		9857E7DF27D3D06F00BEB411 /* BookExtension.swift */ = {isa = PBXFileReference; lastKnownFileType = sourcecode.swift; path = BookExtension.swift; sourceTree = "<group>"; };
		9857E7E127D3D43F00BEB411 /* NewBookView.swift */ = {isa = PBXFileReference; lastKnownFileType = sourcecode.swift; path = NewBookView.swift; sourceTree = "<group>"; };
/* End PBXFileReference section */

/* Begin PBXFrameworksBuildPhase section */
		9857E7C327D3C85700BEB411 /* Frameworks */ = {
			isa = PBXFrameworksBuildPhase;
			buildActionMask = 2147483647;
			files = (
			);
			runOnlyForDeploymentPostprocessing = 0;
		};
/* End PBXFrameworksBuildPhase section */

/* Begin PBXGroup section */
		9857E7BD27D3C85600BEB411 = {
			isa = PBXGroup;
			children = (
				9857E7C827D3C85700BEB411 /* CoreData&SwiftUIPart04 */,
				9857E7C727D3C85700BEB411 /* Products */,
			);
			sourceTree = "<group>";
		};
		9857E7C727D3C85700BEB411 /* Products */ = {
			isa = PBXGroup;
			children = (
				9857E7C627D3C85700BEB411 /* CoreData&SwiftUIPart04.app */,
			);
			name = Products;
			sourceTree = "<group>";
		};
		9857E7C827D3C85700BEB411 /* CoreData&SwiftUIPart04 */ = {
			isa = PBXGroup;
			children = (
				9857E7C927D3C85700BEB411 /* CoreData_SwiftUIPart04App.swift */,
				9857E7D827D3CF7800BEB411 /* Views */,
				9857E7D927D3CF9500BEB411 /* Extension */,
				9857E7D727D3CF7100BEB411 /* CoreData */,
				9857E7CD27D3C85900BEB411 /* Assets.xcassets */,
				9857E7CF27D3C85900BEB411 /* Preview Content */,
			);
			path = "CoreData&SwiftUIPart04";
			sourceTree = "<group>";
		};
		9857E7CF27D3C85900BEB411 /* Preview Content */ = {
			isa = PBXGroup;
			children = (
				9857E7D027D3C85900BEB411 /* Preview Assets.xcassets */,
			);
			path = "Preview Content";
			sourceTree = "<group>";
		};
		9857E7D727D3CF7100BEB411 /* CoreData */ = {
			isa = PBXGroup;
			children = (
				9857E7DA27D3CFC300BEB411 /* BooksML.xcdatamodeld */,
				9857E7DD27D3CFDD00BEB411 /* Persistence.swift */,
			);
			path = CoreData;
			sourceTree = "<group>";
		};
		9857E7D827D3CF7800BEB411 /* Views */ = {
			isa = PBXGroup;
			children = (
				9857E7CB27D3C85700BEB411 /* MainContentView.swift */,
				9857E7E127D3D43F00BEB411 /* NewBookView.swift */,
			);
			path = Views;
			sourceTree = "<group>";
		};
		9857E7D927D3CF9500BEB411 /* Extension */ = {
			isa = PBXGroup;
			children = (
				9857E7DF27D3D06F00BEB411 /* BookExtension.swift */,
			);
			path = Extension;
			sourceTree = "<group>";
		};
/* End PBXGroup section */

/* Begin PBXNativeTarget section */
		9857E7C527D3C85700BEB411 /* CoreData&SwiftUIPart04 */ = {
			isa = PBXNativeTarget;
			buildConfigurationList = 9857E7D427D3C85900BEB411 /* Build configuration list for PBXNativeTarget "CoreData&SwiftUIPart04" */;
			buildPhases = (
				9857E7C227D3C85700BEB411 /* Sources */,
				9857E7C327D3C85700BEB411 /* Frameworks */,
				9857E7C427D3C85700BEB411 /* Resources */,
			);
			buildRules = (
			);
			dependencies = (
			);
			name = "CoreData&SwiftUIPart04";
			productName = "CoreData&SwiftUIPart04";
			productReference = 9857E7C627D3C85700BEB411 /* CoreData&SwiftUIPart04.app */;
			productType = "com.apple.product-type.application";
		};
/* End PBXNativeTarget section */

/* Begin PBXProject section */
		9857E7BE27D3C85600BEB411 /* Project object */ = {
			isa = PBXProject;
			attributes = {
				BuildIndependentTargetsInParallel = 1;
				LastSwiftUpdateCheck = 1320;
				LastUpgradeCheck = 1320;
				TargetAttributes = {
					9857E7C527D3C85700BEB411 = {
						CreatedOnToolsVersion = 13.2;
					};
				};
			};
			buildConfigurationList = 9857E7C127D3C85600BEB411 /* Build configuration list for PBXProject "CoreData&SwiftUIPart04" */;
			compatibilityVersion = "Xcode 13.0";
			developmentRegion = en;
			hasScannedForEncodings = 0;
			knownRegions = (
				en,
				Base,
			);
			mainGroup = 9857E7BD27D3C85600BEB411;
			productRefGroup = 9857E7C727D3C85700BEB411 /* Products */;
			projectDirPath = "";
			projectRoot = "";
			targets = (
				9857E7C527D3C85700BEB411 /* CoreData&SwiftUIPart04 */,
			);
		};
/* End PBXProject section */

/* Begin PBXResourcesBuildPhase section */
		9857E7C427D3C85700BEB411 /* Resources */ = {
			isa = PBXResourcesBuildPhase;
			buildActionMask = 2147483647;
			files = (
				9857E7D127D3C85900BEB411 /* Preview Assets.xcassets in Resources */,
				9857E7CE27D3C85900BEB411 /* Assets.xcassets in Resources */,
			);
			runOnlyForDeploymentPostprocessing = 0;
		};
/* End PBXResourcesBuildPhase section */

/* Begin PBXSourcesBuildPhase section */
		9857E7C227D3C85700BEB411 /* Sources */ = {
			isa = PBXSourcesBuildPhase;
			buildActionMask = 2147483647;
			files = (
				9857E7E027D3D06F00BEB411 /* BookExtension.swift in Sources */,
				9857E7CC27D3C85700BEB411 /* MainContentView.swift in Sources */,
				9857E7E227D3D43F00BEB411 /* NewBookView.swift in Sources */,
				9857E7DE27D3CFDD00BEB411 /* Persistence.swift in Sources */,
				9857E7CA27D3C85700BEB411 /* CoreData_SwiftUIPart04App.swift in Sources */,
				9857E7DC27D3CFC300BEB411 /* BooksML.xcdatamodeld in Sources */,
			);
			runOnlyForDeploymentPostprocessing = 0;
		};
/* End PBXSourcesBuildPhase section */

/* Begin XCBuildConfiguration section */
		9857E7D227D3C85900BEB411 /* Debug */ = {
			isa = XCBuildConfiguration;
			buildSettings = {
				ALWAYS_SEARCH_USER_PATHS = NO;
				CLANG_ANALYZER_NONNULL = YES;
				CLANG_ANALYZER_NUMBER_OBJECT_CONVERSION = YES_AGGRESSIVE;
				CLANG_CXX_LANGUAGE_STANDARD = "gnu++17";
				CLANG_CXX_LIBRARY = "libc++";
				CLANG_ENABLE_MODULES = YES;
				CLANG_ENABLE_OBJC_ARC = YES;
				CLANG_ENABLE_OBJC_WEAK = YES;
				CLANG_WARN_BLOCK_CAPTURE_AUTORELEASING = YES;
				CLANG_WARN_BOOL_CONVERSION = YES;
				CLANG_WARN_COMMA = YES;
				CLANG_WARN_CONSTANT_CONVERSION = YES;
				CLANG_WARN_DEPRECATED_OBJC_IMPLEMENTATIONS = YES;
				CLANG_WARN_DIRECT_OBJC_ISA_USAGE = YES_ERROR;
				CLANG_WARN_DOCUMENTATION_COMMENTS = YES;
				CLANG_WARN_EMPTY_BODY = YES;
				CLANG_WARN_ENUM_CONVERSION = YES;
				CLANG_WARN_INFINITE_RECURSION = YES;
				CLANG_WARN_INT_CONVERSION = YES;
				CLANG_WARN_NON_LITERAL_NULL_CONVERSION = YES;
				CLANG_WARN_OBJC_IMPLICIT_RETAIN_SELF = YES;
				CLANG_WARN_OBJC_LITERAL_CONVERSION = YES;
				CLANG_WARN_OBJC_ROOT_CLASS = YES_ERROR;
				CLANG_WARN_QUOTED_INCLUDE_IN_FRAMEWORK_HEADER = YES;
				CLANG_WARN_RANGE_LOOP_ANALYSIS = YES;
				CLANG_WARN_STRICT_PROTOTYPES = YES;
				CLANG_WARN_SUSPICIOUS_MOVE = YES;
				CLANG_WARN_UNGUARDED_AVAILABILITY = YES_AGGRESSIVE;
				CLANG_WARN_UNREACHABLE_CODE = YES;
				CLANG_WARN__DUPLICATE_METHOD_MATCH = YES;
				COPY_PHASE_STRIP = NO;
				DEBUG_INFORMATION_FORMAT = dwarf;
				ENABLE_STRICT_OBJC_MSGSEND = YES;
				ENABLE_TESTABILITY = YES;
				GCC_C_LANGUAGE_STANDARD = gnu11;
				GCC_DYNAMIC_NO_PIC = NO;
				GCC_NO_COMMON_BLOCKS = YES;
				GCC_OPTIMIZATION_LEVEL = 0;
				GCC_PREPROCESSOR_DEFINITIONS = (
					"DEBUG=1",
					"$(inherited)",
				);
				GCC_WARN_64_TO_32_BIT_CONVERSION = YES;
				GCC_WARN_ABOUT_RETURN_TYPE = YES_ERROR;
				GCC_WARN_UNDECLARED_SELECTOR = YES;
				GCC_WARN_UNINITIALIZED_AUTOS = YES_AGGRESSIVE;
				GCC_WARN_UNUSED_FUNCTION = YES;
				GCC_WARN_UNUSED_VARIABLE = YES;
				IPHONEOS_DEPLOYMENT_TARGET = 15.2;
				MTL_ENABLE_DEBUG_INFO = INCLUDE_SOURCE;
				MTL_FAST_MATH = YES;
				ONLY_ACTIVE_ARCH = YES;
				SDKROOT = iphoneos;
				SWIFT_ACTIVE_COMPILATION_CONDITIONS = DEBUG;
				SWIFT_OPTIMIZATION_LEVEL = "-Onone";
			};
			name = Debug;
		};
		9857E7D327D3C85900BEB411 /* Release */ = {
			isa = XCBuildConfiguration;
			buildSettings = {
				ALWAYS_SEARCH_USER_PATHS = NO;
				CLANG_ANALYZER_NONNULL = YES;
				CLANG_ANALYZER_NUMBER_OBJECT_CONVERSION = YES_AGGRESSIVE;
				CLANG_CXX_LANGUAGE_STANDARD = "gnu++17";
				CLANG_CXX_LIBRARY = "libc++";
				CLANG_ENABLE_MODULES = YES;
				CLANG_ENABLE_OBJC_ARC = YES;
				CLANG_ENABLE_OBJC_WEAK = YES;
				CLANG_WARN_BLOCK_CAPTURE_AUTORELEASING = YES;
				CLANG_WARN_BOOL_CONVERSION = YES;
				CLANG_WARN_COMMA = YES;
				CLANG_WARN_CONSTANT_CONVERSION = YES;
				CLANG_WARN_DEPRECATED_OBJC_IMPLEMENTATIONS = YES;
				CLANG_WARN_DIRECT_OBJC_ISA_USAGE = YES_ERROR;
				CLANG_WARN_DOCUMENTATION_COMMENTS = YES;
				CLANG_WARN_EMPTY_BODY = YES;
				CLANG_WARN_ENUM_CONVERSION = YES;
				CLANG_WARN_INFINITE_RECURSION = YES;
				CLANG_WARN_INT_CONVERSION = YES;
				CLANG_WARN_NON_LITERAL_NULL_CONVERSION = YES;
				CLANG_WARN_OBJC_IMPLICIT_RETAIN_SELF = YES;
				CLANG_WARN_OBJC_LITERAL_CONVERSION = YES;
				CLANG_WARN_OBJC_ROOT_CLASS = YES_ERROR;
				CLANG_WARN_QUOTED_INCLUDE_IN_FRAMEWORK_HEADER = YES;
				CLANG_WARN_RANGE_LOOP_ANALYSIS = YES;
				CLANG_WARN_STRICT_PROTOTYPES = YES;
				CLANG_WARN_SUSPICIOUS_MOVE = YES;
				CLANG_WARN_UNGUARDED_AVAILABILITY = YES_AGGRESSIVE;
				CLANG_WARN_UNREACHABLE_CODE = YES;
				CLANG_WARN__DUPLICATE_METHOD_MATCH = YES;
				COPY_PHASE_STRIP = NO;
				DEBUG_INFORMATION_FORMAT = "dwarf-with-dsym";
				ENABLE_NS_ASSERTIONS = NO;
				ENABLE_STRICT_OBJC_MSGSEND = YES;
				GCC_C_LANGUAGE_STANDARD = gnu11;
				GCC_NO_COMMON_BLOCKS = YES;
				GCC_WARN_64_TO_32_BIT_CONVERSION = YES;
				GCC_WARN_ABOUT_RETURN_TYPE = YES_ERROR;
				GCC_WARN_UNDECLARED_SELECTOR = YES;
				GCC_WARN_UNINITIALIZED_AUTOS = YES_AGGRESSIVE;
				GCC_WARN_UNUSED_FUNCTION = YES;
				GCC_WARN_UNUSED_VARIABLE = YES;
				IPHONEOS_DEPLOYMENT_TARGET = 15.2;
				MTL_ENABLE_DEBUG_INFO = NO;
				MTL_FAST_MATH = YES;
				SDKROOT = iphoneos;
				SWIFT_COMPILATION_MODE = wholemodule;
				SWIFT_OPTIMIZATION_LEVEL = "-O";
				VALIDATE_PRODUCT = YES;
			};
			name = Release;
		};
		9857E7D527D3C85900BEB411 /* Debug */ = {
			isa = XCBuildConfiguration;
			buildSettings = {
				ASSETCATALOG_COMPILER_APPICON_NAME = AppIcon;
				ASSETCATALOG_COMPILER_GLOBAL_ACCENT_COLOR_NAME = AccentColor;
				CODE_SIGN_STYLE = Automatic;
				CURRENT_PROJECT_VERSION = 1;
				DEVELOPMENT_ASSET_PATHS = "\"CoreData&SwiftUIPart04/Preview Content\"";
				DEVELOPMENT_TEAM = JQVSXS5J2X;
				ENABLE_PREVIEWS = YES;
				GENERATE_INFOPLIST_FILE = YES;
				INFOPLIST_KEY_UIApplicationSceneManifest_Generation = YES;
				INFOPLIST_KEY_UIApplicationSupportsIndirectInputEvents = YES;
				INFOPLIST_KEY_UILaunchScreen_Generation = YES;
				INFOPLIST_KEY_UISupportedInterfaceOrientations_iPad = "UIInterfaceOrientationPortrait UIInterfaceOrientationPortraitUpsideDown UIInterfaceOrientationLandscapeLeft UIInterfaceOrientationLandscapeRight";
				INFOPLIST_KEY_UISupportedInterfaceOrientations_iPhone = "UIInterfaceOrientationPortrait UIInterfaceOrientationLandscapeLeft UIInterfaceOrientationLandscapeRight";
				LD_RUNPATH_SEARCH_PATHS = (
					"$(inherited)",
					"@executable_path/Frameworks",
				);
				MARKETING_VERSION = 1.0;
				PRODUCT_BUNDLE_IDENTIFIER = "me.petroonishchuk.CoreData-SwiftUIPart04";
				PRODUCT_NAME = "$(TARGET_NAME)";
				SWIFT_EMIT_LOC_STRINGS = YES;
				SWIFT_VERSION = 5.0;
				TARGETED_DEVICE_FAMILY = "1,2";
			};
			name = Debug;
		};
		9857E7D627D3C85900BEB411 /* Release */ = {
			isa = XCBuildConfiguration;
			buildSettings = {
				ASSETCATALOG_COMPILER_APPICON_NAME = AppIcon;
				ASSETCATALOG_COMPILER_GLOBAL_ACCENT_COLOR_NAME = AccentColor;
				CODE_SIGN_STYLE = Automatic;
				CURRENT_PROJECT_VERSION = 1;
				DEVELOPMENT_ASSET_PATHS = "\"CoreData&SwiftUIPart04/Preview Content\"";
				DEVELOPMENT_TEAM = JQVSXS5J2X;
				ENABLE_PREVIEWS = YES;
				GENERATE_INFOPLIST_FILE = YES;
				INFOPLIST_KEY_UIApplicationSceneManifest_Generation = YES;
				INFOPLIST_KEY_UIApplicationSupportsIndirectInputEvents = YES;
				INFOPLIST_KEY_UILaunchScreen_Generation = YES;
				INFOPLIST_KEY_UISupportedInterfaceOrientations_iPad = "UIInterfaceOrientationPortrait UIInterfaceOrientationPortraitUpsideDown UIInterfaceOrientationLandscapeLeft UIInterfaceOrientationLandscapeRight";
				INFOPLIST_KEY_UISupportedInterfaceOrientations_iPhone = "UIInterfaceOrientationPortrait UIInterfaceOrientationLandscapeLeft UIInterfaceOrientationLandscapeRight";
				LD_RUNPATH_SEARCH_PATHS = (
					"$(inherited)",
					"@executable_path/Frameworks",
				);
				MARKETING_VERSION = 1.0;
				PRODUCT_BUNDLE_IDENTIFIER = "me.petroonishchuk.CoreData-SwiftUIPart04";
				PRODUCT_NAME = "$(TARGET_NAME)";
				SWIFT_EMIT_LOC_STRINGS = YES;
				SWIFT_VERSION = 5.0;
				TARGETED_DEVICE_FAMILY = "1,2";
			};
			name = Release;
		};
/* End XCBuildConfiguration section */

/* Begin XCConfigurationList section */
		9857E7C127D3C85600BEB411 /* Build configuration list for PBXProject "CoreData&SwiftUIPart04" */ = {
			isa = XCConfigurationList;
			buildConfigurations = (
				9857E7D227D3C85900BEB411 /* Debug */,
				9857E7D327D3C85900BEB411 /* Release */,
			);
			defaultConfigurationIsVisible = 0;
			defaultConfigurationName = Release;
		};
		9857E7D427D3C85900BEB411 /* Build configuration list for PBXNativeTarget "CoreData&SwiftUIPart04" */ = {
			isa = XCConfigurationList;
			buildConfigurations = (
				9857E7D527D3C85900BEB411 /* Debug */,
				9857E7D627D3C85900BEB411 /* Release */,
			);
			defaultConfigurationIsVisible = 0;
			defaultConfigurationName = Release;
		};
/* End XCConfigurationList section */

/* Begin XCVersionGroup section */
		9857E7DA27D3CFC300BEB411 /* BooksML.xcdatamodeld */ = {
			isa = XCVersionGroup;
			children = (
				9857E7DB27D3CFC300BEB411 /* BooksML.xcdatamodel */,
			);
			currentVersion = 9857E7DB27D3CFC300BEB411 /* BooksML.xcdatamodel */;
			path = BooksML.xcdatamodeld;
			sourceTree = "<group>";
			versionGroupType = wrapper.xcdatamodel;
		};
/* End XCVersionGroup section */
	};
	rootObject = 9857E7BE27D3C85600BEB411 /* Project object */;
}
