// !$*UTF8*$!
{
	archiveVersion = 1;
	classes = {
	};
	objectVersion = 55;
	objects = {

/* Begin PBXBuildFile section */
		981BCAC827C51166008D55EB /* CoreData_SwiftUIPart03App.swift in Sources */ = {isa = PBXBuildFile; fileRef = 981BCAC727C51166008D55EB /* CoreData_SwiftUIPart03App.swift */; };
		981BCACC27C51169008D55EB /* Assets.xcassets in Resources */ = {isa = PBXBuildFile; fileRef = 981BCACB27C51169008D55EB /* Assets.xcassets */; };
		981BCACF27C51169008D55EB /* Preview Assets.xcassets in Resources */ = {isa = PBXBuildFile; fileRef = 981BCACE27C51169008D55EB /* Preview Assets.xcassets */; };
		981BCAD927C511EA008D55EB /* BooksML.xcdatamodeld in Sources */ = {isa = PBXBuildFile; fileRef = 981BCAD727C511EA008D55EB /* BooksML.xcdatamodeld */; };
		981BCADB27C51255008D55EB /* NewBookView.swift in Sources */ = {isa = PBXBuildFile; fileRef = 981BCADA27C51255008D55EB /* NewBookView.swift */; };
		981BCADD27C51299008D55EB /* MainContentView.swift in Sources */ = {isa = PBXBuildFile; fileRef = 981BCADC27C51299008D55EB /* MainContentView.swift */; };
		981BCADF27C51317008D55EB /* Persistence.swift in Sources */ = {isa = PBXBuildFile; fileRef = 981BCADE27C51317008D55EB /* Persistence.swift */; };
		981BCAE227C518AE008D55EB /* BookExtension.swift in Sources */ = {isa = PBXBuildFile; fileRef = 981BCAE127C518AE008D55EB /* BookExtension.swift */; };
		9889CAE127C53C8B00C9B2D7 /* Book+CoreDataClass.swift in Sources */ = {isa = PBXBuildFile; fileRef = 9889CADF27C53C8B00C9B2D7 /* Book+CoreDataClass.swift */; };
		9889CAE227C53C8B00C9B2D7 /* Book+CoreDataProperties.swift in Sources */ = {isa = PBXBuildFile; fileRef = 9889CAE027C53C8B00C9B2D7 /* Book+CoreDataProperties.swift */; };
/* End PBXBuildFile section */

/* Begin PBXFileReference section */
		981BCAC427C51166008D55EB /* CoreData&SwiftUIPart03.app */ = {isa = PBXFileReference; explicitFileType = wrapper.application; includeInIndex = 0; path = "CoreData&SwiftUIPart03.app"; sourceTree = BUILT_PRODUCTS_DIR; };
		981BCAC727C51166008D55EB /* CoreData_SwiftUIPart03App.swift */ = {isa = PBXFileReference; lastKnownFileType = sourcecode.swift; path = CoreData_SwiftUIPart03App.swift; sourceTree = "<group>"; };
		981BCACB27C51169008D55EB /* Assets.xcassets */ = {isa = PBXFileReference; lastKnownFileType = folder.assetcatalog; path = Assets.xcassets; sourceTree = "<group>"; };
		981BCACE27C51169008D55EB /* Preview Assets.xcassets */ = {isa = PBXFileReference; lastKnownFileType = folder.assetcatalog; path = "Preview Assets.xcassets"; sourceTree = "<group>"; };
		981BCAD827C511EA008D55EB /* BooksML.xcdatamodel */ = {isa = PBXFileReference; lastKnownFileType = wrapper.xcdatamodel; path = BooksML.xcdatamodel; sourceTree = "<group>"; };
		981BCADA27C51255008D55EB /* NewBookView.swift */ = {isa = PBXFileReference; lastKnownFileType = sourcecode.swift; path = NewBookView.swift; sourceTree = "<group>"; };
		981BCADC27C51299008D55EB /* MainContentView.swift */ = {isa = PBXFileReference; lastKnownFileType = sourcecode.swift; path = MainContentView.swift; sourceTree = "<group>"; };
		981BCADE27C51317008D55EB /* Persistence.swift */ = {isa = PBXFileReference; lastKnownFileType = sourcecode.swift; path = Persistence.swift; sourceTree = "<group>"; };
		981BCAE127C518AE008D55EB /* BookExtension.swift */ = {isa = PBXFileReference; lastKnownFileType = sourcecode.swift; path = BookExtension.swift; sourceTree = "<group>"; };
		9889CADF27C53C8B00C9B2D7 /* Book+CoreDataClass.swift */ = {isa = PBXFileReference; lastKnownFileType = sourcecode.swift; path = "Book+CoreDataClass.swift"; sourceTree = "<group>"; };
		9889CAE027C53C8B00C9B2D7 /* Book+CoreDataProperties.swift */ = {isa = PBXFileReference; lastKnownFileType = sourcecode.swift; path = "Book+CoreDataProperties.swift"; sourceTree = "<group>"; };
/* End PBXFileReference section */

/* Begin PBXFrameworksBuildPhase section */
		981BCAC127C51166008D55EB /* Frameworks */ = {
			isa = PBXFrameworksBuildPhase;
			buildActionMask = 2147483647;
			files = (
			);
			runOnlyForDeploymentPostprocessing = 0;
		};
/* End PBXFrameworksBuildPhase section */

/* Begin PBXGroup section */
		981BCABB27C51166008D55EB = {
			isa = PBXGroup;
			children = (
				9889CADF27C53C8B00C9B2D7 /* Book+CoreDataClass.swift */,
				9889CAE027C53C8B00C9B2D7 /* Book+CoreDataProperties.swift */,
				981BCAC727C51166008D55EB /* CoreData_SwiftUIPart03App.swift */,
				981BCAC627C51166008D55EB /* CoreData&SwiftUIPart03 */,
				981BCAC527C51166008D55EB /* Products */,
			);
			sourceTree = "<group>";
		};
		981BCAC527C51166008D55EB /* Products */ = {
			isa = PBXGroup;
			children = (
				981BCAC427C51166008D55EB /* CoreData&SwiftUIPart03.app */,
			);
			name = Products;
			sourceTree = "<group>";
		};
		981BCAC627C51166008D55EB /* CoreData&SwiftUIPart03 */ = {
			isa = PBXGroup;
			children = (
				981BCAD627C511A8008D55EB /* Views */,
				981BCAE027C51894008D55EB /* Extension */,
				981BCAD527C5119E008D55EB /* CoreData */,
				981BCACB27C51169008D55EB /* Assets.xcassets */,
				981BCACD27C51169008D55EB /* Preview Content */,
			);
			path = "CoreData&SwiftUIPart03";
			sourceTree = "<group>";
		};
		981BCACD27C51169008D55EB /* Preview Content */ = {
			isa = PBXGroup;
			children = (
				981BCACE27C51169008D55EB /* Preview Assets.xcassets */,
			);
			path = "Preview Content";
			sourceTree = "<group>";
		};
		981BCAD527C5119E008D55EB /* CoreData */ = {
			isa = PBXGroup;
			children = (
				981BCAD727C511EA008D55EB /* BooksML.xcdatamodeld */,
				981BCADE27C51317008D55EB /* Persistence.swift */,
			);
			path = CoreData;
			sourceTree = "<group>";
		};
		981BCAD627C511A8008D55EB /* Views */ = {
			isa = PBXGroup;
			children = (
				981BCADC27C51299008D55EB /* MainContentView.swift */,
				981BCADA27C51255008D55EB /* NewBookView.swift */,
			);
			path = Views;
			sourceTree = "<group>";
		};
		981BCAE027C51894008D55EB /* Extension */ = {
			isa = PBXGroup;
			children = (
				981BCAE127C518AE008D55EB /* BookExtension.swift */,
			);
			path = Extension;
			sourceTree = "<group>";
		};
/* End PBXGroup section */

/* Begin PBXNativeTarget section */
		981BCAC327C51166008D55EB /* CoreData&SwiftUIPart03 */ = {
			isa = PBXNativeTarget;
			buildConfigurationList = 981BCAD227C51169008D55EB /* Build configuration list for PBXNativeTarget "CoreData&SwiftUIPart03" */;
			buildPhases = (
				981BCAC027C51166008D55EB /* Sources */,
				981BCAC127C51166008D55EB /* Frameworks */,
				981BCAC227C51166008D55EB /* Resources */,
			);
			buildRules = (
			);
			dependencies = (
			);
			name = "CoreData&SwiftUIPart03";
			productName = "CoreData&SwiftUIPart03";
			productReference = 981BCAC427C51166008D55EB /* CoreData&SwiftUIPart03.app */;
			productType = "com.apple.product-type.application";
		};
/* End PBXNativeTarget section */

/* Begin PBXProject section */
		981BCABC27C51166008D55EB /* Project object */ = {
			isa = PBXProject;
			attributes = {
				BuildIndependentTargetsInParallel = 1;
				LastSwiftUpdateCheck = 1320;
				LastUpgradeCheck = 1320;
				TargetAttributes = {
					981BCAC327C51166008D55EB = {
						CreatedOnToolsVersion = 13.2;
					};
				};
			};
			buildConfigurationList = 981BCABF27C51166008D55EB /* Build configuration list for PBXProject "CoreData&SwiftUIPart03" */;
			compatibilityVersion = "Xcode 13.0";
			developmentRegion = en;
			hasScannedForEncodings = 0;
			knownRegions = (
				en,
				Base,
			);
			mainGroup = 981BCABB27C51166008D55EB;
			productRefGroup = 981BCAC527C51166008D55EB /* Products */;
			projectDirPath = "";
			projectRoot = "";
			targets = (
				981BCAC327C51166008D55EB /* CoreData&SwiftUIPart03 */,
			);
		};
/* End PBXProject section */

/* Begin PBXResourcesBuildPhase section */
		981BCAC227C51166008D55EB /* Resources */ = {
			isa = PBXResourcesBuildPhase;
			buildActionMask = 2147483647;
			files = (
				981BCACF27C51169008D55EB /* Preview Assets.xcassets in Resources */,
				981BCACC27C51169008D55EB /* Assets.xcassets in Resources */,
			);
			runOnlyForDeploymentPostprocessing = 0;
		};
/* End PBXResourcesBuildPhase section */

/* Begin PBXSourcesBuildPhase section */
		981BCAC027C51166008D55EB /* Sources */ = {
			isa = PBXSourcesBuildPhase;
			buildActionMask = 2147483647;
			files = (
				981BCADB27C51255008D55EB /* NewBookView.swift in Sources */,
				981BCAC827C51166008D55EB /* CoreData_SwiftUIPart03App.swift in Sources */,
				9889CAE127C53C8B00C9B2D7 /* Book+CoreDataClass.swift in Sources */,
				981BCAD927C511EA008D55EB /* BooksML.xcdatamodeld in Sources */,
				981BCADD27C51299008D55EB /* MainContentView.swift in Sources */,
				981BCAE227C518AE008D55EB /* BookExtension.swift in Sources */,
				9889CAE227C53C8B00C9B2D7 /* Book+CoreDataProperties.swift in Sources */,
				981BCADF27C51317008D55EB /* Persistence.swift in Sources */,
			);
			runOnlyForDeploymentPostprocessing = 0;
		};
/* End PBXSourcesBuildPhase section */

/* Begin XCBuildConfiguration section */
		981BCAD027C51169008D55EB /* Debug */ = {
			isa = XCBuildConfiguration;
			buildSettings = {
				ALWAYS_SEARCH_USER_PATHS = NO;
				CLANG_ANALYZER_NONNULL = YES;
				CLANG_ANALYZER_NUMBER_OBJECT_CONVERSION = YES_AGGRESSIVE;
				CLANG_CXX_LANGUAGE_STANDARD = "gnu++17";
				CLANG_CXX_LIBRARY = "libc++";
				CLANG_ENABLE_MODULES = YES;
				CLANG_ENABLE_OBJC_ARC = YES;
				CLANG_ENABLE_OBJC_WEAK = YES;
				CLANG_WARN_BLOCK_CAPTURE_AUTORELEASING = YES;
				CLANG_WARN_BOOL_CONVERSION = YES;
				CLANG_WARN_COMMA = YES;
				CLANG_WARN_CONSTANT_CONVERSION = YES;
				CLANG_WARN_DEPRECATED_OBJC_IMPLEMENTATIONS = YES;
				CLANG_WARN_DIRECT_OBJC_ISA_USAGE = YES_ERROR;
				CLANG_WARN_DOCUMENTATION_COMMENTS = YES;
				CLANG_WARN_EMPTY_BODY = YES;
				CLANG_WARN_ENUM_CONVERSION = YES;
				CLANG_WARN_INFINITE_RECURSION = YES;
				CLANG_WARN_INT_CONVERSION = YES;
				CLANG_WARN_NON_LITERAL_NULL_CONVERSION = YES;
				CLANG_WARN_OBJC_IMPLICIT_RETAIN_SELF = YES;
				CLANG_WARN_OBJC_LITERAL_CONVERSION = YES;
				CLANG_WARN_OBJC_ROOT_CLASS = YES_ERROR;
				CLANG_WARN_QUOTED_INCLUDE_IN_FRAMEWORK_HEADER = YES;
				CLANG_WARN_RANGE_LOOP_ANALYSIS = YES;
				CLANG_WARN_STRICT_PROTOTYPES = YES;
				CLANG_WARN_SUSPICIOUS_MOVE = YES;
				CLANG_WARN_UNGUARDED_AVAILABILITY = YES_AGGRESSIVE;
				CLANG_WARN_UNREACHABLE_CODE = YES;
				CLANG_WARN__DUPLICATE_METHOD_MATCH = YES;
				COPY_PHASE_STRIP = NO;
				DEBUG_INFORMATION_FORMAT = dwarf;
				ENABLE_STRICT_OBJC_MSGSEND = YES;
				ENABLE_TESTABILITY = YES;
				GCC_C_LANGUAGE_STANDARD = gnu11;
				GCC_DYNAMIC_NO_PIC = NO;
				GCC_NO_COMMON_BLOCKS = YES;
				GCC_OPTIMIZATION_LEVEL = 0;
				GCC_PREPROCESSOR_DEFINITIONS = (
					"DEBUG=1",
					"$(inherited)",
				);
				GCC_WARN_64_TO_32_BIT_CONVERSION = YES;
				GCC_WARN_ABOUT_RETURN_TYPE = YES_ERROR;
				GCC_WARN_UNDECLARED_SELECTOR = YES;
				GCC_WARN_UNINITIALIZED_AUTOS = YES_AGGRESSIVE;
				GCC_WARN_UNUSED_FUNCTION = YES;
				GCC_WARN_UNUSED_VARIABLE = YES;
				IPHONEOS_DEPLOYMENT_TARGET = 15.2;
				MTL_ENABLE_DEBUG_INFO = INCLUDE_SOURCE;
				MTL_FAST_MATH = YES;
				ONLY_ACTIVE_ARCH = YES;
				SDKROOT = iphoneos;
				SWIFT_ACTIVE_COMPILATION_CONDITIONS = DEBUG;
				SWIFT_OPTIMIZATION_LEVEL = "-Onone";
			};
			name = Debug;
		};
		981BCAD127C51169008D55EB /* Release */ = {
			isa = XCBuildConfiguration;
			buildSettings = {
				ALWAYS_SEARCH_USER_PATHS = NO;
				CLANG_ANALYZER_NONNULL = YES;
				CLANG_ANALYZER_NUMBER_OBJECT_CONVERSION = YES_AGGRESSIVE;
				CLANG_CXX_LANGUAGE_STANDARD = "gnu++17";
				CLANG_CXX_LIBRARY = "libc++";
				CLANG_ENABLE_MODULES = YES;
				CLANG_ENABLE_OBJC_ARC = YES;
				CLANG_ENABLE_OBJC_WEAK = YES;
				CLANG_WARN_BLOCK_CAPTURE_AUTORELEASING = YES;
				CLANG_WARN_BOOL_CONVERSION = YES;
				CLANG_WARN_COMMA = YES;
				CLANG_WARN_CONSTANT_CONVERSION = YES;
				CLANG_WARN_DEPRECATED_OBJC_IMPLEMENTATIONS = YES;
				CLANG_WARN_DIRECT_OBJC_ISA_USAGE = YES_ERROR;
				CLANG_WARN_DOCUMENTATION_COMMENTS = YES;
				CLANG_WARN_EMPTY_BODY = YES;
				CLANG_WARN_ENUM_CONVERSION = YES;
				CLANG_WARN_INFINITE_RECURSION = YES;
				CLANG_WARN_INT_CONVERSION = YES;
				CLANG_WARN_NON_LITERAL_NULL_CONVERSION = YES;
				CLANG_WARN_OBJC_IMPLICIT_RETAIN_SELF = YES;
				CLANG_WARN_OBJC_LITERAL_CONVERSION = YES;
				CLANG_WARN_OBJC_ROOT_CLASS = YES_ERROR;
				CLANG_WARN_QUOTED_INCLUDE_IN_FRAMEWORK_HEADER = YES;
				CLANG_WARN_RANGE_LOOP_ANALYSIS = YES;
				CLANG_WARN_STRICT_PROTOTYPES = YES;
				CLANG_WARN_SUSPICIOUS_MOVE = YES;
				CLANG_WARN_UNGUARDED_AVAILABILITY = YES_AGGRESSIVE;
				CLANG_WARN_UNREACHABLE_CODE = YES;
				CLANG_WARN__DUPLICATE_METHOD_MATCH = YES;
				COPY_PHASE_STRIP = NO;
				DEBUG_INFORMATION_FORMAT = "dwarf-with-dsym";
				ENABLE_NS_ASSERTIONS = NO;
				ENABLE_STRICT_OBJC_MSGSEND = YES;
				GCC_C_LANGUAGE_STANDARD = gnu11;
				GCC_NO_COMMON_BLOCKS = YES;
				GCC_WARN_64_TO_32_BIT_CONVERSION = YES;
				GCC_WARN_ABOUT_RETURN_TYPE = YES_ERROR;
				GCC_WARN_UNDECLARED_SELECTOR = YES;
				GCC_WARN_UNINITIALIZED_AUTOS = YES_AGGRESSIVE;
				GCC_WARN_UNUSED_FUNCTION = YES;
				GCC_WARN_UNUSED_VARIABLE = YES;
				IPHONEOS_DEPLOYMENT_TARGET = 15.2;
				MTL_ENABLE_DEBUG_INFO = NO;
				MTL_FAST_MATH = YES;
				SDKROOT = iphoneos;
				SWIFT_COMPILATION_MODE = wholemodule;
				SWIFT_OPTIMIZATION_LEVEL = "-O";
				VALIDATE_PRODUCT = YES;
			};
			name = Release;
		};
		981BCAD327C51169008D55EB /* Debug */ = {
			isa = XCBuildConfiguration;
			buildSettings = {
				ASSETCATALOG_COMPILER_APPICON_NAME = AppIcon;
				ASSETCATALOG_COMPILER_GLOBAL_ACCENT_COLOR_NAME = AccentColor;
				CODE_SIGN_STYLE = Automatic;
				CURRENT_PROJECT_VERSION = 1;
				DEVELOPMENT_ASSET_PATHS = "\"CoreData&SwiftUIPart03/Preview Content\"";
				DEVELOPMENT_TEAM = JQVSXS5J2X;
				ENABLE_PREVIEWS = YES;
				GENERATE_INFOPLIST_FILE = YES;
				INFOPLIST_KEY_UIApplicationSceneManifest_Generation = YES;
				INFOPLIST_KEY_UIApplicationSupportsIndirectInputEvents = YES;
				INFOPLIST_KEY_UILaunchScreen_Generation = YES;
				INFOPLIST_KEY_UISupportedInterfaceOrientations_iPad = "UIInterfaceOrientationPortrait UIInterfaceOrientationPortraitUpsideDown UIInterfaceOrientationLandscapeLeft UIInterfaceOrientationLandscapeRight";
				INFOPLIST_KEY_UISupportedInterfaceOrientations_iPhone = "UIInterfaceOrientationPortrait UIInterfaceOrientationLandscapeLeft UIInterfaceOrientationLandscapeRight";
				LD_RUNPATH_SEARCH_PATHS = (
					"$(inherited)",
					"@executable_path/Frameworks",
				);
				MARKETING_VERSION = 1.0;
				PRODUCT_BUNDLE_IDENTIFIER = "me.petroonishchuk.CoreData-SwiftUIPart03";
				PRODUCT_NAME = "$(TARGET_NAME)";
				SWIFT_EMIT_LOC_STRINGS = YES;
				SWIFT_VERSION = 5.0;
				TARGETED_DEVICE_FAMILY = "1,2";
			};
			name = Debug;
		};
		981BCAD427C51169008D55EB /* Release */ = {
			isa = XCBuildConfiguration;
			buildSettings = {
				ASSETCATALOG_COMPILER_APPICON_NAME = AppIcon;
				ASSETCATALOG_COMPILER_GLOBAL_ACCENT_COLOR_NAME = AccentColor;
				CODE_SIGN_STYLE = Automatic;
				CURRENT_PROJECT_VERSION = 1;
				DEVELOPMENT_ASSET_PATHS = "\"CoreData&SwiftUIPart03/Preview Content\"";
				DEVELOPMENT_TEAM = JQVSXS5J2X;
				ENABLE_PREVIEWS = YES;
				GENERATE_INFOPLIST_FILE = YES;
				INFOPLIST_KEY_UIApplicationSceneManifest_Generation = YES;
				INFOPLIST_KEY_UIApplicationSupportsIndirectInputEvents = YES;
				INFOPLIST_KEY_UILaunchScreen_Generation = YES;
				INFOPLIST_KEY_UISupportedInterfaceOrientations_iPad = "UIInterfaceOrientationPortrait UIInterfaceOrientationPortraitUpsideDown UIInterfaceOrientationLandscapeLeft UIInterfaceOrientationLandscapeRight";
				INFOPLIST_KEY_UISupportedInterfaceOrientations_iPhone = "UIInterfaceOrientationPortrait UIInterfaceOrientationLandscapeLeft UIInterfaceOrientationLandscapeRight";
				LD_RUNPATH_SEARCH_PATHS = (
					"$(inherited)",
					"@executable_path/Frameworks",
				);
				MARKETING_VERSION = 1.0;
				PRODUCT_BUNDLE_IDENTIFIER = "me.petroonishchuk.CoreData-SwiftUIPart03";
				PRODUCT_NAME = "$(TARGET_NAME)";
				SWIFT_EMIT_LOC_STRINGS = YES;
				SWIFT_VERSION = 5.0;
				TARGETED_DEVICE_FAMILY = "1,2";
			};
			name = Release;
		};
/* End XCBuildConfiguration section */

/* Begin XCConfigurationList section */
		981BCABF27C51166008D55EB /* Build configuration list for PBXProject "CoreData&SwiftUIPart03" */ = {
			isa = XCConfigurationList;
			buildConfigurations = (
				981BCAD027C51169008D55EB /* Debug */,
				981BCAD127C51169008D55EB /* Release */,
			);
			defaultConfigurationIsVisible = 0;
			defaultConfigurationName = Release;
		};
		981BCAD227C51169008D55EB /* Build configuration list for PBXNativeTarget "CoreData&SwiftUIPart03" */ = {
			isa = XCConfigurationList;
			buildConfigurations = (
				981BCAD327C51169008D55EB /* Debug */,
				981BCAD427C51169008D55EB /* Release */,
			);
			defaultConfigurationIsVisible = 0;
			defaultConfigurationName = Release;
		};
/* End XCConfigurationList section */

/* Begin XCVersionGroup section */
		981BCAD727C511EA008D55EB /* BooksML.xcdatamodeld */ = {
			isa = XCVersionGroup;
			children = (
				981BCAD827C511EA008D55EB /* BooksML.xcdatamodel */,
			);
			currentVersion = 981BCAD827C511EA008D55EB /* BooksML.xcdatamodel */;
			path = BooksML.xcdatamodeld;
			sourceTree = "<group>";
			versionGroupType = wrapper.xcdatamodel;
		};
/* End XCVersionGroup section */
	};
	rootObject = 981BCABC27C51166008D55EB /* Project object */;
}
