// !$*UTF8*$!
{
	archiveVersion = 1;
	classes = {
	};
	objectVersion = 50;
	objects = {

/* Begin PBXBuildFile section */
		98331D6A25A20F8C0099FD50 /* VStackProject01App.swift in Sources */ = {isa = PBXBuildFile; fileRef = 98331D5725A20F890099FD50 /* VStackProject01App.swift */; };
		98331D6B25A20F8C0099FD50 /* VStackProject01App.swift in Sources */ = {isa = PBXBuildFile; fileRef = 98331D5725A20F890099FD50 /* VStackProject01App.swift */; };
		98331D6C25A20F8C0099FD50 /* ContentView.swift in Sources */ = {isa = PBXBuildFile; fileRef = 98331D5825A20F890099FD50 /* ContentView.swift */; };
		98331D6D25A20F8C0099FD50 /* ContentView.swift in Sources */ = {isa = PBXBuildFile; fileRef = 98331D5825A20F890099FD50 /* ContentView.swift */; };
		98331D6E25A20F8C0099FD50 /* Assets.xcassets in Resources */ = {isa = PBXBuildFile; fileRef = 98331D5925A20F8C0099FD50 /* Assets.xcassets */; };
		98331D6F25A20F8C0099FD50 /* Assets.xcassets in Resources */ = {isa = PBXBuildFile; fileRef = 98331D5925A20F8C0099FD50 /* Assets.xcassets */; };
/* End PBXBuildFile section */

/* Begin PBXFileReference section */
		98331D5725A20F890099FD50 /* VStackProject01App.swift */ = {isa = PBXFileReference; lastKnownFileType = sourcecode.swift; path = VStackProject01App.swift; sourceTree = "<group>"; };
		98331D5825A20F890099FD50 /* ContentView.swift */ = {isa = PBXFileReference; lastKnownFileType = sourcecode.swift; path = ContentView.swift; sourceTree = "<group>"; };
		98331D5925A20F8C0099FD50 /* Assets.xcassets */ = {isa = PBXFileReference; lastKnownFileType = folder.assetcatalog; path = Assets.xcassets; sourceTree = "<group>"; };
		98331D5E25A20F8C0099FD50 /* VStackProject01.app */ = {isa = PBXFileReference; explicitFileType = wrapper.application; includeInIndex = 0; path = VStackProject01.app; sourceTree = BUILT_PRODUCTS_DIR; };
		98331D6125A20F8C0099FD50 /* Info.plist */ = {isa = PBXFileReference; lastKnownFileType = text.plist.xml; path = Info.plist; sourceTree = "<group>"; };
		98331D6625A20F8C0099FD50 /* VStackProject01.app */ = {isa = PBXFileReference; explicitFileType = wrapper.application; includeInIndex = 0; path = VStackProject01.app; sourceTree = BUILT_PRODUCTS_DIR; };
		98331D6825A20F8C0099FD50 /* Info.plist */ = {isa = PBXFileReference; lastKnownFileType = text.plist.xml; path = Info.plist; sourceTree = "<group>"; };
		98331D6925A20F8C0099FD50 /* macOS.entitlements */ = {isa = PBXFileReference; lastKnownFileType = text.plist.entitlements; path = macOS.entitlements; sourceTree = "<group>"; };
/* End PBXFileReference section */

/* Begin PBXFrameworksBuildPhase section */
		98331D5B25A20F8C0099FD50 /* Frameworks */ = {
			isa = PBXFrameworksBuildPhase;
			buildActionMask = 2147483647;
			files = (
			);
			runOnlyForDeploymentPostprocessing = 0;
		};
		98331D6325A20F8C0099FD50 /* Frameworks */ = {
			isa = PBXFrameworksBuildPhase;
			buildActionMask = 2147483647;
			files = (
			);
			runOnlyForDeploymentPostprocessing = 0;
		};
/* End PBXFrameworksBuildPhase section */

/* Begin PBXGroup section */
		98331D5125A20F890099FD50 = {
			isa = PBXGroup;
			children = (
				98331D5625A20F890099FD50 /* Shared */,
				98331D6025A20F8C0099FD50 /* iOS */,
				98331D6725A20F8C0099FD50 /* macOS */,
				98331D5F25A20F8C0099FD50 /* Products */,
			);
			sourceTree = "<group>";
		};
		98331D5625A20F890099FD50 /* Shared */ = {
			isa = PBXGroup;
			children = (
				98331D5725A20F890099FD50 /* VStackProject01App.swift */,
				98331D5825A20F890099FD50 /* ContentView.swift */,
				98331D5925A20F8C0099FD50 /* Assets.xcassets */,
			);
			path = Shared;
			sourceTree = "<group>";
		};
		98331D5F25A20F8C0099FD50 /* Products */ = {
			isa = PBXGroup;
			children = (
				98331D5E25A20F8C0099FD50 /* VStackProject01.app */,
				98331D6625A20F8C0099FD50 /* VStackProject01.app */,
			);
			name = Products;
			sourceTree = "<group>";
		};
		98331D6025A20F8C0099FD50 /* iOS */ = {
			isa = PBXGroup;
			children = (
				98331D6125A20F8C0099FD50 /* Info.plist */,
			);
			path = iOS;
			sourceTree = "<group>";
		};
		98331D6725A20F8C0099FD50 /* macOS */ = {
			isa = PBXGroup;
			children = (
				98331D6825A20F8C0099FD50 /* Info.plist */,
				98331D6925A20F8C0099FD50 /* macOS.entitlements */,
			);
			path = macOS;
			sourceTree = "<group>";
		};
/* End PBXGroup section */

/* Begin PBXNativeTarget section */
		98331D5D25A20F8C0099FD50 /* VStackProject01 (iOS) */ = {
			isa = PBXNativeTarget;
			buildConfigurationList = 98331D7225A20F8C0099FD50 /* Build configuration list for PBXNativeTarget "VStackProject01 (iOS)" */;
			buildPhases = (
				98331D5A25A20F8C0099FD50 /* Sources */,
				98331D5B25A20F8C0099FD50 /* Frameworks */,
				98331D5C25A20F8C0099FD50 /* Resources */,
			);
			buildRules = (
			);
			dependencies = (
			);
			name = "VStackProject01 (iOS)";
			productName = "VStackProject01 (iOS)";
			productReference = 98331D5E25A20F8C0099FD50 /* VStackProject01.app */;
			productType = "com.apple.product-type.application";
		};
		98331D6525A20F8C0099FD50 /* VStackProject01 (macOS) */ = {
			isa = PBXNativeTarget;
			buildConfigurationList = 98331D7525A20F8C0099FD50 /* Build configuration list for PBXNativeTarget "VStackProject01 (macOS)" */;
			buildPhases = (
				98331D6225A20F8C0099FD50 /* Sources */,
				98331D6325A20F8C0099FD50 /* Frameworks */,
				98331D6425A20F8C0099FD50 /* Resources */,
			);
			buildRules = (
			);
			dependencies = (
			);
			name = "VStackProject01 (macOS)";
			productName = "VStackProject01 (macOS)";
			productReference = 98331D6625A20F8C0099FD50 /* VStackProject01.app */;
			productType = "com.apple.product-type.application";
		};
/* End PBXNativeTarget section */

/* Begin PBXProject section */
		98331D5225A20F890099FD50 /* Project object */ = {
			isa = PBXProject;
			attributes = {
				LastSwiftUpdateCheck = 1230;
				LastUpgradeCheck = 1230;
				TargetAttributes = {
					98331D5D25A20F8C0099FD50 = {
						CreatedOnToolsVersion = 12.3;
					};
					98331D6525A20F8C0099FD50 = {
						CreatedOnToolsVersion = 12.3;
					};
				};
			};
			buildConfigurationList = 98331D5525A20F890099FD50 /* Build configuration list for PBXProject "VStackProject01" */;
			compatibilityVersion = "Xcode 9.3";
			developmentRegion = en;
			hasScannedForEncodings = 0;
			knownRegions = (
				en,
				Base,
			);
			mainGroup = 98331D5125A20F890099FD50;
			productRefGroup = 98331D5F25A20F8C0099FD50 /* Products */;
			projectDirPath = "";
			projectRoot = "";
			targets = (
				98331D5D25A20F8C0099FD50 /* VStackProject01 (iOS) */,
				98331D6525A20F8C0099FD50 /* VStackProject01 (macOS) */,
			);
		};
/* End PBXProject section */

/* Begin PBXResourcesBuildPhase section */
		98331D5C25A20F8C0099FD50 /* Resources */ = {
			isa = PBXResourcesBuildPhase;
			buildActionMask = 2147483647;
			files = (
				98331D6E25A20F8C0099FD50 /* Assets.xcassets in Resources */,
			);
			runOnlyForDeploymentPostprocessing = 0;
		};
		98331D6425A20F8C0099FD50 /* Resources */ = {
			isa = PBXResourcesBuildPhase;
			buildActionMask = 2147483647;
			files = (
				98331D6F25A20F8C0099FD50 /* Assets.xcassets in Resources */,
			);
			runOnlyForDeploymentPostprocessing = 0;
		};
/* End PBXResourcesBuildPhase section */

/* Begin PBXSourcesBuildPhase section */
		98331D5A25A20F8C0099FD50 /* Sources */ = {
			isa = PBXSourcesBuildPhase;
			buildActionMask = 2147483647;
			files = (
				98331D6C25A20F8C0099FD50 /* ContentView.swift in Sources */,
				98331D6A25A20F8C0099FD50 /* VStackProject01App.swift in Sources */,
			);
			runOnlyForDeploymentPostprocessing = 0;
		};
		98331D6225A20F8C0099FD50 /* Sources */ = {
			isa = PBXSourcesBuildPhase;
			buildActionMask = 2147483647;
			files = (
				98331D6D25A20F8C0099FD50 /* ContentView.swift in Sources */,
				98331D6B25A20F8C0099FD50 /* VStackProject01App.swift in Sources */,
			);
			runOnlyForDeploymentPostprocessing = 0;
		};
/* End PBXSourcesBuildPhase section */

/* Begin XCBuildConfiguration section */
		98331D7025A20F8C0099FD50 /* Debug */ = {
			isa = XCBuildConfiguration;
			buildSettings = {
				ALWAYS_SEARCH_USER_PATHS = NO;
				CLANG_ANALYZER_NONNULL = YES;
				CLANG_ANALYZER_NUMBER_OBJECT_CONVERSION = YES_AGGRESSIVE;
				CLANG_CXX_LANGUAGE_STANDARD = "gnu++14";
				CLANG_CXX_LIBRARY = "libc++";
				CLANG_ENABLE_MODULES = YES;
				CLANG_ENABLE_OBJC_ARC = YES;
				CLANG_ENABLE_OBJC_WEAK = YES;
				CLANG_WARN_BLOCK_CAPTURE_AUTORELEASING = YES;
				CLANG_WARN_BOOL_CONVERSION = YES;
				CLANG_WARN_COMMA = YES;
				CLANG_WARN_CONSTANT_CONVERSION = YES;
				CLANG_WARN_DEPRECATED_OBJC_IMPLEMENTATIONS = YES;
				CLANG_WARN_DIRECT_OBJC_ISA_USAGE = YES_ERROR;
				CLANG_WARN_DOCUMENTATION_COMMENTS = YES;
				CLANG_WARN_EMPTY_BODY = YES;
				CLANG_WARN_ENUM_CONVERSION = YES;
				CLANG_WARN_INFINITE_RECURSION = YES;
				CLANG_WARN_INT_CONVERSION = YES;
				CLANG_WARN_NON_LITERAL_NULL_CONVERSION = YES;
				CLANG_WARN_OBJC_IMPLICIT_RETAIN_SELF = YES;
				CLANG_WARN_OBJC_LITERAL_CONVERSION = YES;
				CLANG_WARN_OBJC_ROOT_CLASS = YES_ERROR;
				CLANG_WARN_QUOTED_INCLUDE_IN_FRAMEWORK_HEADER = YES;
				CLANG_WARN_RANGE_LOOP_ANALYSIS = YES;
				CLANG_WARN_STRICT_PROTOTYPES = YES;
				CLANG_WARN_SUSPICIOUS_MOVE = YES;
				CLANG_WARN_UNGUARDED_AVAILABILITY = YES_AGGRESSIVE;
				CLANG_WARN_UNREACHABLE_CODE = YES;
				CLANG_WARN__DUPLICATE_METHOD_MATCH = YES;
				COPY_PHASE_STRIP = NO;
				DEBUG_INFORMATION_FORMAT = dwarf;
				ENABLE_STRICT_OBJC_MSGSEND = YES;
				ENABLE_TESTABILITY = YES;
				GCC_C_LANGUAGE_STANDARD = gnu11;
				GCC_DYNAMIC_NO_PIC = NO;
				GCC_NO_COMMON_BLOCKS = YES;
				GCC_OPTIMIZATION_LEVEL = 0;
				GCC_PREPROCESSOR_DEFINITIONS = (
					"DEBUG=1",
					"$(inherited)",
				);
				GCC_WARN_64_TO_32_BIT_CONVERSION = YES;
				GCC_WARN_ABOUT_RETURN_TYPE = YES_ERROR;
				GCC_WARN_UNDECLARED_SELECTOR = YES;
				GCC_WARN_UNINITIALIZED_AUTOS = YES_AGGRESSIVE;
				GCC_WARN_UNUSED_FUNCTION = YES;
				GCC_WARN_UNUSED_VARIABLE = YES;
				MTL_ENABLE_DEBUG_INFO = INCLUDE_SOURCE;
				MTL_FAST_MATH = YES;
				ONLY_ACTIVE_ARCH = YES;
				SWIFT_ACTIVE_COMPILATION_CONDITIONS = DEBUG;
				SWIFT_OPTIMIZATION_LEVEL = "-Onone";
			};
			name = Debug;
		};
		98331D7125A20F8C0099FD50 /* Release */ = {
			isa = XCBuildConfiguration;
			buildSettings = {
				ALWAYS_SEARCH_USER_PATHS = NO;
				CLANG_ANALYZER_NONNULL = YES;
				CLANG_ANALYZER_NUMBER_OBJECT_CONVERSION = YES_AGGRESSIVE;
				CLANG_CXX_LANGUAGE_STANDARD = "gnu++14";
				CLANG_CXX_LIBRARY = "libc++";
				CLANG_ENABLE_MODULES = YES;
				CLANG_ENABLE_OBJC_ARC = YES;
				CLANG_ENABLE_OBJC_WEAK = YES;
				CLANG_WARN_BLOCK_CAPTURE_AUTORELEASING = YES;
				CLANG_WARN_BOOL_CONVERSION = YES;
				CLANG_WARN_COMMA = YES;
				CLANG_WARN_CONSTANT_CONVERSION = YES;
				CLANG_WARN_DEPRECATED_OBJC_IMPLEMENTATIONS = YES;
				CLANG_WARN_DIRECT_OBJC_ISA_USAGE = YES_ERROR;
				CLANG_WARN_DOCUMENTATION_COMMENTS = YES;
				CLANG_WARN_EMPTY_BODY = YES;
				CLANG_WARN_ENUM_CONVERSION = YES;
				CLANG_WARN_INFINITE_RECURSION = YES;
				CLANG_WARN_INT_CONVERSION = YES;
				CLANG_WARN_NON_LITERAL_NULL_CONVERSION = YES;
				CLANG_WARN_OBJC_IMPLICIT_RETAIN_SELF = YES;
				CLANG_WARN_OBJC_LITERAL_CONVERSION = YES;
				CLANG_WARN_OBJC_ROOT_CLASS = YES_ERROR;
				CLANG_WARN_QUOTED_INCLUDE_IN_FRAMEWORK_HEADER = YES;
				CLANG_WARN_RANGE_LOOP_ANALYSIS = YES;
				CLANG_WARN_STRICT_PROTOTYPES = YES;
				CLANG_WARN_SUSPICIOUS_MOVE = YES;
				CLANG_WARN_UNGUARDED_AVAILABILITY = YES_AGGRESSIVE;
				CLANG_WARN_UNREACHABLE_CODE = YES;
				CLANG_WARN__DUPLICATE_METHOD_MATCH = YES;
				COPY_PHASE_STRIP = NO;
				DEBUG_INFORMATION_FORMAT = "dwarf-with-dsym";
				ENABLE_NS_ASSERTIONS = NO;
				ENABLE_STRICT_OBJC_MSGSEND = YES;
				GCC_C_LANGUAGE_STANDARD = gnu11;
				GCC_NO_COMMON_BLOCKS = YES;
				GCC_WARN_64_TO_32_BIT_CONVERSION = YES;
				GCC_WARN_ABOUT_RETURN_TYPE = YES_ERROR;
				GCC_WARN_UNDECLARED_SELECTOR = YES;
				GCC_WARN_UNINITIALIZED_AUTOS = YES_AGGRESSIVE;
				GCC_WARN_UNUSED_FUNCTION = YES;
				GCC_WARN_UNUSED_VARIABLE = YES;
				MTL_ENABLE_DEBUG_INFO = NO;
				MTL_FAST_MATH = YES;
				SWIFT_COMPILATION_MODE = wholemodule;
				SWIFT_OPTIMIZATION_LEVEL = "-O";
			};
			name = Release;
		};
		98331D7325A20F8C0099FD50 /* Debug */ = {
			isa = XCBuildConfiguration;
			buildSettings = {
				ASSETCATALOG_COMPILER_APPICON_NAME = AppIcon;
				ASSETCATALOG_COMPILER_GLOBAL_ACCENT_COLOR_NAME = AccentColor;
				CODE_SIGN_STYLE = Automatic;
				DEVELOPMENT_TEAM = JQVSXS5J2X;
				ENABLE_PREVIEWS = YES;
				INFOPLIST_FILE = iOS/Info.plist;
				IPHONEOS_DEPLOYMENT_TARGET = 14.0;
				LD_RUNPATH_SEARCH_PATHS = (
					"$(inherited)",
					"@executable_path/Frameworks",
				);
				PRODUCT_BUNDLE_IDENTIFIER = me.petroonishchuk.VStackProject01;
				PRODUCT_NAME = VStackProject01;
				SDKROOT = iphoneos;
				SWIFT_VERSION = 5.0;
				TARGETED_DEVICE_FAMILY = "1,2";
			};
			name = Debug;
		};
		98331D7425A20F8C0099FD50 /* Release */ = {
			isa = XCBuildConfiguration;
			buildSettings = {
				ASSETCATALOG_COMPILER_APPICON_NAME = AppIcon;
				ASSETCATALOG_COMPILER_GLOBAL_ACCENT_COLOR_NAME = AccentColor;
				CODE_SIGN_STYLE = Automatic;
				DEVELOPMENT_TEAM = JQVSXS5J2X;
				ENABLE_PREVIEWS = YES;
				INFOPLIST_FILE = iOS/Info.plist;
				IPHONEOS_DEPLOYMENT_TARGET = 14.0;
				LD_RUNPATH_SEARCH_PATHS = (
					"$(inherited)",
					"@executable_path/Frameworks",
				);
				PRODUCT_BUNDLE_IDENTIFIER = me.petroonishchuk.VStackProject01;
				PRODUCT_NAME = VStackProject01;
				SDKROOT = iphoneos;
				SWIFT_VERSION = 5.0;
				TARGETED_DEVICE_FAMILY = "1,2";
				VALIDATE_PRODUCT = YES;
			};
			name = Release;
		};
		98331D7625A20F8C0099FD50 /* Debug */ = {
			isa = XCBuildConfiguration;
			buildSettings = {
				ASSETCATALOG_COMPILER_APPICON_NAME = AppIcon;
				ASSETCATALOG_COMPILER_GLOBAL_ACCENT_COLOR_NAME = AccentColor;
				CODE_SIGN_ENTITLEMENTS = macOS/macOS.entitlements;
				CODE_SIGN_STYLE = Automatic;
				COMBINE_HIDPI_IMAGES = YES;
				DEVELOPMENT_TEAM = JQVSXS5J2X;
				ENABLE_HARDENED_RUNTIME = YES;
				ENABLE_PREVIEWS = YES;
				INFOPLIST_FILE = macOS/Info.plist;
				LD_RUNPATH_SEARCH_PATHS = (
					"$(inherited)",
					"@executable_path/../Frameworks",
				);
				MACOSX_DEPLOYMENT_TARGET = 11.0;
				PRODUCT_BUNDLE_IDENTIFIER = me.petroonishchuk.VStackProject01;
				PRODUCT_NAME = VStackProject01;
				SDKROOT = macosx;
				SWIFT_VERSION = 5.0;
			};
			name = Debug;
		};
		98331D7725A20F8C0099FD50 /* Release */ = {
			isa = XCBuildConfiguration;
			buildSettings = {
				ASSETCATALOG_COMPILER_APPICON_NAME = AppIcon;
				ASSETCATALOG_COMPILER_GLOBAL_ACCENT_COLOR_NAME = AccentColor;
				CODE_SIGN_ENTITLEMENTS = macOS/macOS.entitlements;
				CODE_SIGN_STYLE = Automatic;
				COMBINE_HIDPI_IMAGES = YES;
				DEVELOPMENT_TEAM = JQVSXS5J2X;
				ENABLE_HARDENED_RUNTIME = YES;
				ENABLE_PREVIEWS = YES;
				INFOPLIST_FILE = macOS/Info.plist;
				LD_RUNPATH_SEARCH_PATHS = (
					"$(inherited)",
					"@executable_path/../Frameworks",
				);
				MACOSX_DEPLOYMENT_TARGET = 11.0;
				PRODUCT_BUNDLE_IDENTIFIER = me.petroonishchuk.VStackProject01;
				PRODUCT_NAME = VStackProject01;
				SDKROOT = macosx;
				SWIFT_VERSION = 5.0;
			};
			name = Release;
		};
/* End XCBuildConfiguration section */

/* Begin XCConfigurationList section */
		98331D5525A20F890099FD50 /* Build configuration list for PBXProject "VStackProject01" */ = {
			isa = XCConfigurationList;
			buildConfigurations = (
				98331D7025A20F8C0099FD50 /* Debug */,
				98331D7125A20F8C0099FD50 /* Release */,
			);
			defaultConfigurationIsVisible = 0;
			defaultConfigurationName = Release;
		};
		98331D7225A20F8C0099FD50 /* Build configuration list for PBXNativeTarget "VStackProject01 (iOS)" */ = {
			isa = XCConfigurationList;
			buildConfigurations = (
				98331D7325A20F8C0099FD50 /* Debug */,
				98331D7425A20F8C0099FD50 /* Release */,
			);
			defaultConfigurationIsVisible = 0;
			defaultConfigurationName = Release;
		};
		98331D7525A20F8C0099FD50 /* Build configuration list for PBXNativeTarget "VStackProject01 (macOS)" */ = {
			isa = XCConfigurationList;
			buildConfigurations = (
				98331D7625A20F8C0099FD50 /* Debug */,
				98331D7725A20F8C0099FD50 /* Release */,
			);
			defaultConfigurationIsVisible = 0;
			defaultConfigurationName = Release;
		};
/* End XCConfigurationList section */
	};
	rootObject = 98331D5225A20F890099FD50 /* Project object */;
}
