// !$*UTF8*$!
{
	archiveVersion = 1;
	classes = {
	};
	objectVersion = 50;
	objects = {

/* Begin PBXBuildFile section */
		98FBEAA825A75521000E85EE /* HStackProject01App.swift in Sources */ = {isa = PBXBuildFile; fileRef = 98FBEA9525A7551E000E85EE /* HStackProject01App.swift */; };
		98FBEAA925A75521000E85EE /* HStackProject01App.swift in Sources */ = {isa = PBXBuildFile; fileRef = 98FBEA9525A7551E000E85EE /* HStackProject01App.swift */; };
		98FBEAAA25A75521000E85EE /* ContentView.swift in Sources */ = {isa = PBXBuildFile; fileRef = 98FBEA9625A7551E000E85EE /* ContentView.swift */; };
		98FBEAAB25A75521000E85EE /* ContentView.swift in Sources */ = {isa = PBXBuildFile; fileRef = 98FBEA9625A7551E000E85EE /* ContentView.swift */; };
		98FBEAAC25A75521000E85EE /* Assets.xcassets in Resources */ = {isa = PBXBuildFile; fileRef = 98FBEA9725A75520000E85EE /* Assets.xcassets */; };
		98FBEAAD25A75521000E85EE /* Assets.xcassets in Resources */ = {isa = PBXBuildFile; fileRef = 98FBEA9725A75520000E85EE /* Assets.xcassets */; };
/* End PBXBuildFile section */

/* Begin PBXFileReference section */
		98FBEA9525A7551E000E85EE /* HStackProject01App.swift */ = {isa = PBXFileReference; lastKnownFileType = sourcecode.swift; path = HStackProject01App.swift; sourceTree = "<group>"; };
		98FBEA9625A7551E000E85EE /* ContentView.swift */ = {isa = PBXFileReference; lastKnownFileType = sourcecode.swift; path = ContentView.swift; sourceTree = "<group>"; };
		98FBEA9725A75520000E85EE /* Assets.xcassets */ = {isa = PBXFileReference; lastKnownFileType = folder.assetcatalog; path = Assets.xcassets; sourceTree = "<group>"; };
		98FBEA9C25A75521000E85EE /* HStackProject01.app */ = {isa = PBXFileReference; explicitFileType = wrapper.application; includeInIndex = 0; path = HStackProject01.app; sourceTree = BUILT_PRODUCTS_DIR; };
		98FBEA9F25A75521000E85EE /* Info.plist */ = {isa = PBXFileReference; lastKnownFileType = text.plist.xml; path = Info.plist; sourceTree = "<group>"; };
		98FBEAA425A75521000E85EE /* HStackProject01.app */ = {isa = PBXFileReference; explicitFileType = wrapper.application; includeInIndex = 0; path = HStackProject01.app; sourceTree = BUILT_PRODUCTS_DIR; };
		98FBEAA625A75521000E85EE /* Info.plist */ = {isa = PBXFileReference; lastKnownFileType = text.plist.xml; path = Info.plist; sourceTree = "<group>"; };
		98FBEAA725A75521000E85EE /* macOS.entitlements */ = {isa = PBXFileReference; lastKnownFileType = text.plist.entitlements; path = macOS.entitlements; sourceTree = "<group>"; };
/* End PBXFileReference section */

/* Begin PBXFrameworksBuildPhase section */
		98FBEA9925A75521000E85EE /* Frameworks */ = {
			isa = PBXFrameworksBuildPhase;
			buildActionMask = 2147483647;
			files = (
			);
			runOnlyForDeploymentPostprocessing = 0;
		};
		98FBEAA125A75521000E85EE /* Frameworks */ = {
			isa = PBXFrameworksBuildPhase;
			buildActionMask = 2147483647;
			files = (
			);
			runOnlyForDeploymentPostprocessing = 0;
		};
/* End PBXFrameworksBuildPhase section */

/* Begin PBXGroup section */
		98FBEA8F25A7551D000E85EE = {
			isa = PBXGroup;
			children = (
				98FBEA9425A7551E000E85EE /* Shared */,
				98FBEA9E25A75521000E85EE /* iOS */,
				98FBEAA525A75521000E85EE /* macOS */,
				98FBEA9D25A75521000E85EE /* Products */,
			);
			sourceTree = "<group>";
		};
		98FBEA9425A7551E000E85EE /* Shared */ = {
			isa = PBXGroup;
			children = (
				98FBEA9525A7551E000E85EE /* HStackProject01App.swift */,
				98FBEA9625A7551E000E85EE /* ContentView.swift */,
				98FBEA9725A75520000E85EE /* Assets.xcassets */,
			);
			path = Shared;
			sourceTree = "<group>";
		};
		98FBEA9D25A75521000E85EE /* Products */ = {
			isa = PBXGroup;
			children = (
				98FBEA9C25A75521000E85EE /* HStackProject01.app */,
				98FBEAA425A75521000E85EE /* HStackProject01.app */,
			);
			name = Products;
			sourceTree = "<group>";
		};
		98FBEA9E25A75521000E85EE /* iOS */ = {
			isa = PBXGroup;
			children = (
				98FBEA9F25A75521000E85EE /* Info.plist */,
			);
			path = iOS;
			sourceTree = "<group>";
		};
		98FBEAA525A75521000E85EE /* macOS */ = {
			isa = PBXGroup;
			children = (
				98FBEAA625A75521000E85EE /* Info.plist */,
				98FBEAA725A75521000E85EE /* macOS.entitlements */,
			);
			path = macOS;
			sourceTree = "<group>";
		};
/* End PBXGroup section */

/* Begin PBXNativeTarget section */
		98FBEA9B25A75521000E85EE /* HStackProject01 (iOS) */ = {
			isa = PBXNativeTarget;
			buildConfigurationList = 98FBEAB025A75521000E85EE /* Build configuration list for PBXNativeTarget "HStackProject01 (iOS)" */;
			buildPhases = (
				98FBEA9825A75521000E85EE /* Sources */,
				98FBEA9925A75521000E85EE /* Frameworks */,
				98FBEA9A25A75521000E85EE /* Resources */,
			);
			buildRules = (
			);
			dependencies = (
			);
			name = "HStackProject01 (iOS)";
			productName = "HStackProject01 (iOS)";
			productReference = 98FBEA9C25A75521000E85EE /* HStackProject01.app */;
			productType = "com.apple.product-type.application";
		};
		98FBEAA325A75521000E85EE /* HStackProject01 (macOS) */ = {
			isa = PBXNativeTarget;
			buildConfigurationList = 98FBEAB325A75521000E85EE /* Build configuration list for PBXNativeTarget "HStackProject01 (macOS)" */;
			buildPhases = (
				98FBEAA025A75521000E85EE /* Sources */,
				98FBEAA125A75521000E85EE /* Frameworks */,
				98FBEAA225A75521000E85EE /* Resources */,
			);
			buildRules = (
			);
			dependencies = (
			);
			name = "HStackProject01 (macOS)";
			productName = "HStackProject01 (macOS)";
			productReference = 98FBEAA425A75521000E85EE /* HStackProject01.app */;
			productType = "com.apple.product-type.application";
		};
/* End PBXNativeTarget section */

/* Begin PBXProject section */
		98FBEA9025A7551D000E85EE /* Project object */ = {
			isa = PBXProject;
			attributes = {
				LastSwiftUpdateCheck = 1230;
				LastUpgradeCheck = 1230;
				TargetAttributes = {
					98FBEA9B25A75521000E85EE = {
						CreatedOnToolsVersion = 12.3;
					};
					98FBEAA325A75521000E85EE = {
						CreatedOnToolsVersion = 12.3;
					};
				};
			};
			buildConfigurationList = 98FBEA9325A7551D000E85EE /* Build configuration list for PBXProject "HStackProject01" */;
			compatibilityVersion = "Xcode 9.3";
			developmentRegion = en;
			hasScannedForEncodings = 0;
			knownRegions = (
				en,
				Base,
			);
			mainGroup = 98FBEA8F25A7551D000E85EE;
			productRefGroup = 98FBEA9D25A75521000E85EE /* Products */;
			projectDirPath = "";
			projectRoot = "";
			targets = (
				98FBEA9B25A75521000E85EE /* HStackProject01 (iOS) */,
				98FBEAA325A75521000E85EE /* HStackProject01 (macOS) */,
			);
		};
/* End PBXProject section */

/* Begin PBXResourcesBuildPhase section */
		98FBEA9A25A75521000E85EE /* Resources */ = {
			isa = PBXResourcesBuildPhase;
			buildActionMask = 2147483647;
			files = (
				98FBEAAC25A75521000E85EE /* Assets.xcassets in Resources */,
			);
			runOnlyForDeploymentPostprocessing = 0;
		};
		98FBEAA225A75521000E85EE /* Resources */ = {
			isa = PBXResourcesBuildPhase;
			buildActionMask = 2147483647;
			files = (
				98FBEAAD25A75521000E85EE /* Assets.xcassets in Resources */,
			);
			runOnlyForDeploymentPostprocessing = 0;
		};
/* End PBXResourcesBuildPhase section */

/* Begin PBXSourcesBuildPhase section */
		98FBEA9825A75521000E85EE /* Sources */ = {
			isa = PBXSourcesBuildPhase;
			buildActionMask = 2147483647;
			files = (
				98FBEAAA25A75521000E85EE /* ContentView.swift in Sources */,
				98FBEAA825A75521000E85EE /* HStackProject01App.swift in Sources */,
			);
			runOnlyForDeploymentPostprocessing = 0;
		};
		98FBEAA025A75521000E85EE /* Sources */ = {
			isa = PBXSourcesBuildPhase;
			buildActionMask = 2147483647;
			files = (
				98FBEAAB25A75521000E85EE /* ContentView.swift in Sources */,
				98FBEAA925A75521000E85EE /* HStackProject01App.swift in Sources */,
			);
			runOnlyForDeploymentPostprocessing = 0;
		};
/* End PBXSourcesBuildPhase section */

/* Begin XCBuildConfiguration section */
		98FBEAAE25A75521000E85EE /* Debug */ = {
			isa = XCBuildConfiguration;
			buildSettings = {
				ALWAYS_SEARCH_USER_PATHS = NO;
				CLANG_ANALYZER_NONNULL = YES;
				CLANG_ANALYZER_NUMBER_OBJECT_CONVERSION = YES_AGGRESSIVE;
				CLANG_CXX_LANGUAGE_STANDARD = "gnu++14";
				CLANG_CXX_LIBRARY = "libc++";
				CLANG_ENABLE_MODULES = YES;
				CLANG_ENABLE_OBJC_ARC = YES;
				CLANG_ENABLE_OBJC_WEAK = YES;
				CLANG_WARN_BLOCK_CAPTURE_AUTORELEASING = YES;
				CLANG_WARN_BOOL_CONVERSION = YES;
				CLANG_WARN_COMMA = YES;
				CLANG_WARN_CONSTANT_CONVERSION = YES;
				CLANG_WARN_DEPRECATED_OBJC_IMPLEMENTATIONS = YES;
				CLANG_WARN_DIRECT_OBJC_ISA_USAGE = YES_ERROR;
				CLANG_WARN_DOCUMENTATION_COMMENTS = YES;
				CLANG_WARN_EMPTY_BODY = YES;
				CLANG_WARN_ENUM_CONVERSION = YES;
				CLANG_WARN_INFINITE_RECURSION = YES;
				CLANG_WARN_INT_CONVERSION = YES;
				CLANG_WARN_NON_LITERAL_NULL_CONVERSION = YES;
				CLANG_WARN_OBJC_IMPLICIT_RETAIN_SELF = YES;
				CLANG_WARN_OBJC_LITERAL_CONVERSION = YES;
				CLANG_WARN_OBJC_ROOT_CLASS = YES_ERROR;
				CLANG_WARN_QUOTED_INCLUDE_IN_FRAMEWORK_HEADER = YES;
				CLANG_WARN_RANGE_LOOP_ANALYSIS = YES;
				CLANG_WARN_STRICT_PROTOTYPES = YES;
				CLANG_WARN_SUSPICIOUS_MOVE = YES;
				CLANG_WARN_UNGUARDED_AVAILABILITY = YES_AGGRESSIVE;
				CLANG_WARN_UNREACHABLE_CODE = YES;
				CLANG_WARN__DUPLICATE_METHOD_MATCH = YES;
				COPY_PHASE_STRIP = NO;
				DEBUG_INFORMATION_FORMAT = dwarf;
				ENABLE_STRICT_OBJC_MSGSEND = YES;
				ENABLE_TESTABILITY = YES;
				GCC_C_LANGUAGE_STANDARD = gnu11;
				GCC_DYNAMIC_NO_PIC = NO;
				GCC_NO_COMMON_BLOCKS = YES;
				GCC_OPTIMIZATION_LEVEL = 0;
				GCC_PREPROCESSOR_DEFINITIONS = (
					"DEBUG=1",
					"$(inherited)",
				);
				GCC_WARN_64_TO_32_BIT_CONVERSION = YES;
				GCC_WARN_ABOUT_RETURN_TYPE = YES_ERROR;
				GCC_WARN_UNDECLARED_SELECTOR = YES;
				GCC_WARN_UNINITIALIZED_AUTOS = YES_AGGRESSIVE;
				GCC_WARN_UNUSED_FUNCTION = YES;
				GCC_WARN_UNUSED_VARIABLE = YES;
				MTL_ENABLE_DEBUG_INFO = INCLUDE_SOURCE;
				MTL_FAST_MATH = YES;
				ONLY_ACTIVE_ARCH = YES;
				SWIFT_ACTIVE_COMPILATION_CONDITIONS = DEBUG;
				SWIFT_OPTIMIZATION_LEVEL = "-Onone";
			};
			name = Debug;
		};
		98FBEAAF25A75521000E85EE /* Release */ = {
			isa = XCBuildConfiguration;
			buildSettings = {
				ALWAYS_SEARCH_USER_PATHS = NO;
				CLANG_ANALYZER_NONNULL = YES;
				CLANG_ANALYZER_NUMBER_OBJECT_CONVERSION = YES_AGGRESSIVE;
				CLANG_CXX_LANGUAGE_STANDARD = "gnu++14";
				CLANG_CXX_LIBRARY = "libc++";
				CLANG_ENABLE_MODULES = YES;
				CLANG_ENABLE_OBJC_ARC = YES;
				CLANG_ENABLE_OBJC_WEAK = YES;
				CLANG_WARN_BLOCK_CAPTURE_AUTORELEASING = YES;
				CLANG_WARN_BOOL_CONVERSION = YES;
				CLANG_WARN_COMMA = YES;
				CLANG_WARN_CONSTANT_CONVERSION = YES;
				CLANG_WARN_DEPRECATED_OBJC_IMPLEMENTATIONS = YES;
				CLANG_WARN_DIRECT_OBJC_ISA_USAGE = YES_ERROR;
				CLANG_WARN_DOCUMENTATION_COMMENTS = YES;
				CLANG_WARN_EMPTY_BODY = YES;
				CLANG_WARN_ENUM_CONVERSION = YES;
				CLANG_WARN_INFINITE_RECURSION = YES;
				CLANG_WARN_INT_CONVERSION = YES;
				CLANG_WARN_NON_LITERAL_NULL_CONVERSION = YES;
				CLANG_WARN_OBJC_IMPLICIT_RETAIN_SELF = YES;
				CLANG_WARN_OBJC_LITERAL_CONVERSION = YES;
				CLANG_WARN_OBJC_ROOT_CLASS = YES_ERROR;
				CLANG_WARN_QUOTED_INCLUDE_IN_FRAMEWORK_HEADER = YES;
				CLANG_WARN_RANGE_LOOP_ANALYSIS = YES;
				CLANG_WARN_STRICT_PROTOTYPES = YES;
				CLANG_WARN_SUSPICIOUS_MOVE = YES;
				CLANG_WARN_UNGUARDED_AVAILABILITY = YES_AGGRESSIVE;
				CLANG_WARN_UNREACHABLE_CODE = YES;
				CLANG_WARN__DUPLICATE_METHOD_MATCH = YES;
				COPY_PHASE_STRIP = NO;
				DEBUG_INFORMATION_FORMAT = "dwarf-with-dsym";
				ENABLE_NS_ASSERTIONS = NO;
				ENABLE_STRICT_OBJC_MSGSEND = YES;
				GCC_C_LANGUAGE_STANDARD = gnu11;
				GCC_NO_COMMON_BLOCKS = YES;
				GCC_WARN_64_TO_32_BIT_CONVERSION = YES;
				GCC_WARN_ABOUT_RETURN_TYPE = YES_ERROR;
				GCC_WARN_UNDECLARED_SELECTOR = YES;
				GCC_WARN_UNINITIALIZED_AUTOS = YES_AGGRESSIVE;
				GCC_WARN_UNUSED_FUNCTION = YES;
				GCC_WARN_UNUSED_VARIABLE = YES;
				MTL_ENABLE_DEBUG_INFO = NO;
				MTL_FAST_MATH = YES;
				SWIFT_COMPILATION_MODE = wholemodule;
				SWIFT_OPTIMIZATION_LEVEL = "-O";
			};
			name = Release;
		};
		98FBEAB125A75521000E85EE /* Debug */ = {
			isa = XCBuildConfiguration;
			buildSettings = {
				ASSETCATALOG_COMPILER_APPICON_NAME = AppIcon;
				ASSETCATALOG_COMPILER_GLOBAL_ACCENT_COLOR_NAME = AccentColor;
				CODE_SIGN_STYLE = Automatic;
				DEVELOPMENT_TEAM = JQVSXS5J2X;
				ENABLE_PREVIEWS = YES;
				INFOPLIST_FILE = iOS/Info.plist;
				IPHONEOS_DEPLOYMENT_TARGET = 14.0;
				LD_RUNPATH_SEARCH_PATHS = (
					"$(inherited)",
					"@executable_path/Frameworks",
				);
				PRODUCT_BUNDLE_IDENTIFIER = me.petroonishchuk.HStackProject01;
				PRODUCT_NAME = HStackProject01;
				SDKROOT = iphoneos;
				SWIFT_VERSION = 5.0;
				TARGETED_DEVICE_FAMILY = "1,2";
			};
			name = Debug;
		};
		98FBEAB225A75521000E85EE /* Release */ = {
			isa = XCBuildConfiguration;
			buildSettings = {
				ASSETCATALOG_COMPILER_APPICON_NAME = AppIcon;
				ASSETCATALOG_COMPILER_GLOBAL_ACCENT_COLOR_NAME = AccentColor;
				CODE_SIGN_STYLE = Automatic;
				DEVELOPMENT_TEAM = JQVSXS5J2X;
				ENABLE_PREVIEWS = YES;
				INFOPLIST_FILE = iOS/Info.plist;
				IPHONEOS_DEPLOYMENT_TARGET = 14.0;
				LD_RUNPATH_SEARCH_PATHS = (
					"$(inherited)",
					"@executable_path/Frameworks",
				);
				PRODUCT_BUNDLE_IDENTIFIER = me.petroonishchuk.HStackProject01;
				PRODUCT_NAME = HStackProject01;
				SDKROOT = iphoneos;
				SWIFT_VERSION = 5.0;
				TARGETED_DEVICE_FAMILY = "1,2";
				VALIDATE_PRODUCT = YES;
			};
			name = Release;
		};
		98FBEAB425A75521000E85EE /* Debug */ = {
			isa = XCBuildConfiguration;
			buildSettings = {
				ASSETCATALOG_COMPILER_APPICON_NAME = AppIcon;
				ASSETCATALOG_COMPILER_GLOBAL_ACCENT_COLOR_NAME = AccentColor;
				CODE_SIGN_ENTITLEMENTS = macOS/macOS.entitlements;
				CODE_SIGN_STYLE = Automatic;
				COMBINE_HIDPI_IMAGES = YES;
				DEVELOPMENT_TEAM = JQVSXS5J2X;
				ENABLE_HARDENED_RUNTIME = YES;
				ENABLE_PREVIEWS = YES;
				INFOPLIST_FILE = macOS/Info.plist;
				LD_RUNPATH_SEARCH_PATHS = (
					"$(inherited)",
					"@executable_path/../Frameworks",
				);
				MACOSX_DEPLOYMENT_TARGET = 11.0;
				PRODUCT_BUNDLE_IDENTIFIER = me.petroonishchuk.HStackProject01;
				PRODUCT_NAME = HStackProject01;
				SDKROOT = macosx;
				SWIFT_VERSION = 5.0;
			};
			name = Debug;
		};
		98FBEAB525A75521000E85EE /* Release */ = {
			isa = XCBuildConfiguration;
			buildSettings = {
				ASSETCATALOG_COMPILER_APPICON_NAME = AppIcon;
				ASSETCATALOG_COMPILER_GLOBAL_ACCENT_COLOR_NAME = AccentColor;
				CODE_SIGN_ENTITLEMENTS = macOS/macOS.entitlements;
				CODE_SIGN_STYLE = Automatic;
				COMBINE_HIDPI_IMAGES = YES;
				DEVELOPMENT_TEAM = JQVSXS5J2X;
				ENABLE_HARDENED_RUNTIME = YES;
				ENABLE_PREVIEWS = YES;
				INFOPLIST_FILE = macOS/Info.plist;
				LD_RUNPATH_SEARCH_PATHS = (
					"$(inherited)",
					"@executable_path/../Frameworks",
				);
				MACOSX_DEPLOYMENT_TARGET = 11.0;
				PRODUCT_BUNDLE_IDENTIFIER = me.petroonishchuk.HStackProject01;
				PRODUCT_NAME = HStackProject01;
				SDKROOT = macosx;
				SWIFT_VERSION = 5.0;
			};
			name = Release;
		};
/* End XCBuildConfiguration section */

/* Begin XCConfigurationList section */
		98FBEA9325A7551D000E85EE /* Build configuration list for PBXProject "HStackProject01" */ = {
			isa = XCConfigurationList;
			buildConfigurations = (
				98FBEAAE25A75521000E85EE /* Debug */,
				98FBEAAF25A75521000E85EE /* Release */,
			);
			defaultConfigurationIsVisible = 0;
			defaultConfigurationName = Release;
		};
		98FBEAB025A75521000E85EE /* Build configuration list for PBXNativeTarget "HStackProject01 (iOS)" */ = {
			isa = XCConfigurationList;
			buildConfigurations = (
				98FBEAB125A75521000E85EE /* Debug */,
				98FBEAB225A75521000E85EE /* Release */,
			);
			defaultConfigurationIsVisible = 0;
			defaultConfigurationName = Release;
		};
		98FBEAB325A75521000E85EE /* Build configuration list for PBXNativeTarget "HStackProject01 (macOS)" */ = {
			isa = XCConfigurationList;
			buildConfigurations = (
				98FBEAB425A75521000E85EE /* Debug */,
				98FBEAB525A75521000E85EE /* Release */,
			);
			defaultConfigurationIsVisible = 0;
			defaultConfigurationName = Release;
		};
/* End XCConfigurationList section */
	};
	rootObject = 98FBEA9025A7551D000E85EE /* Project object */;
}
